// !$*UTF8*$!
{
	archiveVersion = 1;
	classes = {
	};
	objectVersion = 77;
	objects = {

/* Begin PBXBuildFile section */
		537D2F552EDEC202002588FA /* Down in Frameworks */ = {isa = PBXBuildFile; productRef = 537D2F542EDEC202002588FA /* Down */; };
		537D2F582EDEC23D002588FA /* SwiftMath in Frameworks */ = {isa = PBXBuildFile; productRef = 537D2F572EDEC23D002588FA /* SwiftMath */; };
		537D2F612EDF71E6002588FA /* EPUBKit in Frameworks */ = {isa = PBXBuildFile; productRef = 537D2F602EDF71E6002588FA /* EPUBKit */; };
		53CC02B92EA4A51000F7EACA /* PinLayout in Frameworks */ = {isa = PBXBuildFile; productRef = 53CC02B82EA4A51000F7EACA /* PinLayout */; };
		53CC02C02EA72C6300F7EACA /* FirebaseAI in Frameworks */ = {isa = PBXBuildFile; productRef = 53CC02BF2EA72C6300F7EACA /* FirebaseAI */; };
		53CC02C22EA72C6300F7EACA /* FirebaseAuth in Frameworks */ = {isa = PBXBuildFile; productRef = 53CC02C12EA72C6300F7EACA /* FirebaseAuth */; };
		53CC02C42EA72C6300F7EACA /* FirebaseCore in Frameworks */ = {isa = PBXBuildFile; productRef = 53CC02C32EA72C6300F7EACA /* FirebaseCore */; };
/* End PBXBuildFile section */

/* Begin PBXFileReference section */
		53BAC5D82EA236A700F0CE34 /* EasyReader.app */ = {isa = PBXFileReference; explicitFileType = wrapper.application; includeInIndex = 0; path = EasyReader.app; sourceTree = BUILT_PRODUCTS_DIR; };
/* End PBXFileReference section */

/* Begin PBXFileSystemSynchronizedBuildFileExceptionSet section */
		53BAC5EE2EA236A700F0CE34 /* Exceptions for "EasyReader" folder in "EasyReader" target */ = {
			isa = PBXFileSystemSynchronizedBuildFileExceptionSet;
			membershipExceptions = (
				Info.plist,
			);
			target = 53BAC5D72EA236A700F0CE34 /* EasyReader */;
		};
/* End PBXFileSystemSynchronizedBuildFileExceptionSet section */

/* Begin PBXFileSystemSynchronizedRootGroup section */
		53BAC5DA2EA236A700F0CE34 /* EasyReader */ = {
			isa = PBXFileSystemSynchronizedRootGroup;
			exceptions = (
				53BAC5EE2EA236A700F0CE34 /* Exceptions for "EasyReader" folder in "EasyReader" target */,
			);
			path = EasyReader;
			sourceTree = "<group>";
		};
/* End PBXFileSystemSynchronizedRootGroup section */

/* Begin PBXFrameworksBuildPhase section */
		53BAC5D52EA236A700F0CE34 /* Frameworks */ = {
			isa = PBXFrameworksBuildPhase;
			buildActionMask = 2147483647;
			files = (
				53CC02B92EA4A51000F7EACA /* PinLayout in Frameworks */,
				53CC02C22EA72C6300F7EACA /* FirebaseAuth in Frameworks */,
				537D2F612EDF71E6002588FA /* EPUBKit in Frameworks */,
				537D2F582EDEC23D002588FA /* SwiftMath in Frameworks */,
				537D2F552EDEC202002588FA /* Down in Frameworks */,
				53CC02C42EA72C6300F7EACA /* FirebaseCore in Frameworks */,
				53CC02C02EA72C6300F7EACA /* FirebaseAI in Frameworks */,
			);
			runOnlyForDeploymentPostprocessing = 0;
		};
/* End PBXFrameworksBuildPhase section */

/* Begin PBXGroup section */
		53BAC5CF2EA236A700F0CE34 = {
			isa = PBXGroup;
			children = (
				53BAC5DA2EA236A700F0CE34 /* EasyReader */,
				53BAC5D92EA236A700F0CE34 /* Products */,
			);
			sourceTree = "<group>";
		};
		53BAC5D92EA236A700F0CE34 /* Products */ = {
			isa = PBXGroup;
			children = (
				53BAC5D82EA236A700F0CE34 /* EasyReader.app */,
			);
			name = Products;
			sourceTree = "<group>";
		};
/* End PBXGroup section */

/* Begin PBXNativeTarget section */
		53BAC5D72EA236A700F0CE34 /* EasyReader */ = {
			isa = PBXNativeTarget;
			buildConfigurationList = 53BAC5EF2EA236A700F0CE34 /* Build configuration list for PBXNativeTarget "EasyReader" */;
			buildPhases = (
				53BAC5D42EA236A700F0CE34 /* Sources */,
				53BAC5D52EA236A700F0CE34 /* Frameworks */,
				53BAC5D62EA236A700F0CE34 /* Resources */,
			);
			buildRules = (
			);
			dependencies = (
			);
			fileSystemSynchronizedGroups = (
				53BAC5DA2EA236A700F0CE34 /* EasyReader */,
			);
			name = EasyReader;
			packageProductDependencies = (
				53CC02B82EA4A51000F7EACA /* PinLayout */,
				53CC02BF2EA72C6300F7EACA /* FirebaseAI */,
				53CC02C12EA72C6300F7EACA /* FirebaseAuth */,
				53CC02C32EA72C6300F7EACA /* FirebaseCore */,
				537D2F542EDEC202002588FA /* Down */,
				537D2F572EDEC23D002588FA /* SwiftMath */,
				537D2F602EDF71E6002588FA /* EPUBKit */,
			);
			productName = EasyReader;
			productReference = 53BAC5D82EA236A700F0CE34 /* EasyReader.app */;
			productType = "com.apple.product-type.application";
		};
/* End PBXNativeTarget section */

/* Begin PBXProject section */
		53BAC5D02EA236A700F0CE34 /* Project object */ = {
			isa = PBXProject;
			attributes = {
				BuildIndependentTargetsInParallel = 1;
				LastSwiftUpdateCheck = 2600;
				LastUpgradeCheck = 2600;
				TargetAttributes = {
					53BAC5D72EA236A700F0CE34 = {
						CreatedOnToolsVersion = 26.0;
					};
				};
			};
			buildConfigurationList = 53BAC5D32EA236A700F0CE34 /* Build configuration list for PBXProject "EasyReader" */;
			developmentRegion = en;
			hasScannedForEncodings = 0;
			knownRegions = (
				en,
				Base,
			);
			mainGroup = 53BAC5CF2EA236A700F0CE34;
			minimizedProjectReferenceProxies = 1;
			packageReferences = (
				53CC02B72EA4A51000F7EACA /* XCRemoteSwiftPackageReference "PinLayout" */,
				53CC02BE2EA72C6300F7EACA /* XCRemoteSwiftPackageReference "firebase-ios-sdk" */,
				537D2F532EDEC202002588FA /* XCRemoteSwiftPackageReference "Down" */,
				537D2F562EDEC23D002588FA /* XCRemoteSwiftPackageReference "SwiftMath" */,
				537D2F5F2EDF71E6002588FA /* XCRemoteSwiftPackageReference "EPUBKit" */,
			);
			preferredProjectObjectVersion = 77;
			productRefGroup = 53BAC5D92EA236A700F0CE34 /* Products */;
			projectDirPath = "";
			projectRoot = "";
			targets = (
				53BAC5D72EA236A700F0CE34 /* EasyReader */,
			);
		};
/* End PBXProject section */

/* Begin PBXResourcesBuildPhase section */
		53BAC5D62EA236A700F0CE34 /* Resources */ = {
			isa = PBXResourcesBuildPhase;
			buildActionMask = 2147483647;
			files = (
			);
			runOnlyForDeploymentPostprocessing = 0;
		};
/* End PBXResourcesBuildPhase section */

/* Begin PBXSourcesBuildPhase section */
		53BAC5D42EA236A700F0CE34 /* Sources */ = {
			isa = PBXSourcesBuildPhase;
			buildActionMask = 2147483647;
			files = (
			);
			runOnlyForDeploymentPostprocessing = 0;
		};
/* End PBXSourcesBuildPhase section */

/* Begin XCBuildConfiguration section */
		53BAC5F02EA236A700F0CE34 /* Debug */ = {
			isa = XCBuildConfiguration;
			buildSettings = {
				ASSETCATALOG_COMPILER_APPICON_NAME = AppIcon;
				ASSETCATALOG_COMPILER_GLOBAL_ACCENT_COLOR_NAME = AccentColor;
				CODE_SIGN_ENTITLEMENTS = EasyReader/EasyReader.entitlements;
				CODE_SIGN_STYLE = Automatic;
				CURRENT_PROJECT_VERSION = 1;
				DEVELOPMENT_TEAM = 5E7D5R7C83;
				GENERATE_INFOPLIST_FILE = YES;
				INFOPLIST_FILE = EasyReader/Info.plist;
				INFOPLIST_KEY_UIApplicationSupportsIndirectInputEvents = YES;
				INFOPLIST_KEY_UILaunchStoryboardName = LaunchScreen;
				INFOPLIST_KEY_UIMainStoryboardFile = Main;
				INFOPLIST_KEY_UISupportedInterfaceOrientations_iPad = "UIInterfaceOrientationPortrait UIInterfaceOrientationPortraitUpsideDown UIInterfaceOrientationLandscapeLeft UIInterfaceOrientationLandscapeRight";
				INFOPLIST_KEY_UISupportedInterfaceOrientations_iPhone = "UIInterfaceOrientationPortrait UIInterfaceOrientationLandscapeLeft UIInterfaceOrientationLandscapeRight";
				INFOPLIST_KEY_UISupportsDocumentBrowser = YES;
				LD_RUNPATH_SEARCH_PATHS = (
					"$(inherited)",
					"@executable_path/Frameworks",
				);
				MARKETING_VERSION = 1.0;
				PRODUCT_BUNDLE_IDENTIFIER = me.syousif.EasyReader;
				PRODUCT_NAME = "$(TARGET_NAME)";
				STRING_CATALOG_GENERATE_SYMBOLS = YES;
				SUPPORTED_PLATFORMS = "iphoneos iphonesimulator";
				SUPPORTS_MACCATALYST = YES;
				SUPPORTS_MAC_DESIGNED_FOR_IPHONE_IPAD = NO;
				SWIFT_APPROACHABLE_CONCURRENCY = YES;
				SWIFT_DEFAULT_ACTOR_ISOLATION = MainActor;
				SWIFT_EMIT_LOC_STRINGS = YES;
				SWIFT_UPCOMING_FEATURE_MEMBER_IMPORT_VISIBILITY = YES;
				SWIFT_VERSION = 5.0;
				TARGETED_DEVICE_FAMILY = "1,2";
			};
			name = Debug;
		};
		53BAC5F12EA236A700F0CE34 /* Release */ = {
			isa = XCBuildConfiguration;
			buildSettings = {
				ASSETCATALOG_COMPILER_APPICON_NAME = AppIcon;
				ASSETCATALOG_COMPILER_GLOBAL_ACCENT_COLOR_NAME = AccentColor;
				CODE_SIGN_ENTITLEMENTS = EasyReader/EasyReader.entitlements;
				CODE_SIGN_STYLE = Automatic;
				CURRENT_PROJECT_VERSION = 1;
				DEVELOPMENT_TEAM = 5E7D5R7C83;
				GENERATE_INFOPLIST_FILE = YES;
				INFOPLIST_FILE = EasyReader/Info.plist;
				INFOPLIST_KEY_UIApplicationSupportsIndirectInputEvents = YES;
				INFOPLIST_KEY_UILaunchStoryboardName = LaunchScreen;
				INFOPLIST_KEY_UIMainStoryboardFile = Main;
				INFOPLIST_KEY_UISupportedInterfaceOrientations_iPad = "UIInterfaceOrientationPortrait UIInterfaceOrientationPortraitUpsideDown UIInterfaceOrientationLandscapeLeft UIInterfaceOrientationLandscapeRight";
				INFOPLIST_KEY_UISupportedInterfaceOrientations_iPhone = "UIInterfaceOrientationPortrait UIInterfaceOrientationLandscapeLeft UIInterfaceOrientationLandscapeRight";
				INFOPLIST_KEY_UISupportsDocumentBrowser = YES;
				LD_RUNPATH_SEARCH_PATHS = (
					"$(inherited)",
					"@executable_path/Frameworks",
				);
				MARKETING_VERSION = 1.0;
				PRODUCT_BUNDLE_IDENTIFIER = me.syousif.EasyReader;
				PRODUCT_NAME = "$(TARGET_NAME)";
				STRING_CATALOG_GENERATE_SYMBOLS = YES;
				SUPPORTED_PLATFORMS = "iphoneos iphonesimulator";
				SUPPORTS_MACCATALYST = YES;
				SUPPORTS_MAC_DESIGNED_FOR_IPHONE_IPAD = NO;
				SWIFT_APPROACHABLE_CONCURRENCY = YES;
				SWIFT_DEFAULT_ACTOR_ISOLATION = MainActor;
				SWIFT_EMIT_LOC_STRINGS = YES;
				SWIFT_UPCOMING_FEATURE_MEMBER_IMPORT_VISIBILITY = YES;
				SWIFT_VERSION = 5.0;
				TARGETED_DEVICE_FAMILY = "1,2";
			};
			name = Release;
		};
		53BAC5F22EA236A700F0CE34 /* Debug */ = {
			isa = XCBuildConfiguration;
			buildSettings = {
				ALWAYS_SEARCH_USER_PATHS = NO;
				ASSETCATALOG_COMPILER_GENERATE_SWIFT_ASSET_SYMBOL_EXTENSIONS = YES;
				CLANG_ANALYZER_NONNULL = YES;
				CLANG_ANALYZER_NUMBER_OBJECT_CONVERSION = YES_AGGRESSIVE;
				CLANG_CXX_LANGUAGE_STANDARD = "gnu++20";
				CLANG_ENABLE_MODULES = YES;
				CLANG_ENABLE_OBJC_ARC = YES;
				CLANG_ENABLE_OBJC_WEAK = YES;
				CLANG_WARN_BLOCK_CAPTURE_AUTORELEASING = YES;
				CLANG_WARN_BOOL_CONVERSION = YES;
				CLANG_WARN_COMMA = YES;
				CLANG_WARN_CONSTANT_CONVERSION = YES;
				CLANG_WARN_DEPRECATED_OBJC_IMPLEMENTATIONS = YES;
				CLANG_WARN_DIRECT_OBJC_ISA_USAGE = YES_ERROR;
				CLANG_WARN_DOCUMENTATION_COMMENTS = YES;
				CLANG_WARN_EMPTY_BODY = YES;
				CLANG_WARN_ENUM_CONVERSION = YES;
				CLANG_WARN_INFINITE_RECURSION = YES;
				CLANG_WARN_INT_CONVERSION = YES;
				CLANG_WARN_NON_LITERAL_NULL_CONVERSION = YES;
				CLANG_WARN_OBJC_IMPLICIT_RETAIN_SELF = YES;
				CLANG_WARN_OBJC_LITERAL_CONVERSION = YES;
				CLANG_WARN_OBJC_ROOT_CLASS = YES_ERROR;
				CLANG_WARN_QUOTED_INCLUDE_IN_FRAMEWORK_HEADER = YES;
				CLANG_WARN_RANGE_LOOP_ANALYSIS = YES;
				CLANG_WARN_STRICT_PROTOTYPES = YES;
				CLANG_WARN_SUSPICIOUS_MOVE = YES;
				CLANG_WARN_UNGUARDED_AVAILABILITY = YES_AGGRESSIVE;
				CLANG_WARN_UNREACHABLE_CODE = YES;
				CLANG_WARN__DUPLICATE_METHOD_MATCH = YES;
				COPY_PHASE_STRIP = NO;
				DEBUG_INFORMATION_FORMAT = dwarf;
				DEVELOPMENT_TEAM = 5E7D5R7C83;
				ENABLE_STRICT_OBJC_MSGSEND = YES;
				ENABLE_TESTABILITY = YES;
				ENABLE_USER_SCRIPT_SANDBOXING = YES;
				GCC_C_LANGUAGE_STANDARD = gnu17;
				GCC_DYNAMIC_NO_PIC = NO;
				GCC_NO_COMMON_BLOCKS = YES;
				GCC_OPTIMIZATION_LEVEL = 0;
				GCC_PREPROCESSOR_DEFINITIONS = (
					"DEBUG=1",
					"$(inherited)",
				);
				GCC_WARN_64_TO_32_BIT_CONVERSION = YES;
				GCC_WARN_ABOUT_RETURN_TYPE = YES_ERROR;
				GCC_WARN_UNDECLARED_SELECTOR = YES;
				GCC_WARN_UNINITIALIZED_AUTOS = YES_AGGRESSIVE;
				GCC_WARN_UNUSED_FUNCTION = YES;
				GCC_WARN_UNUSED_VARIABLE = YES;
				IPHONEOS_DEPLOYMENT_TARGET = 26.0;
				LOCALIZATION_PREFERS_STRING_CATALOGS = YES;
				MTL_ENABLE_DEBUG_INFO = INCLUDE_SOURCE;
				MTL_FAST_MATH = YES;
				ONLY_ACTIVE_ARCH = YES;
				SDKROOT = iphoneos;
				SWIFT_ACTIVE_COMPILATION_CONDITIONS = "DEBUG $(inherited)";
				SWIFT_OPTIMIZATION_LEVEL = "-Onone";
			};
			name = Debug;
		};
		53BAC5F32EA236A700F0CE34 /* Release */ = {
			isa = XCBuildConfiguration;
			buildSettings = {
				ALWAYS_SEARCH_USER_PATHS = NO;
				ASSETCATALOG_COMPILER_GENERATE_SWIFT_ASSET_SYMBOL_EXTENSIONS = YES;
				CLANG_ANALYZER_NONNULL = YES;
				CLANG_ANALYZER_NUMBER_OBJECT_CONVERSION = YES_AGGRESSIVE;
				CLANG_CXX_LANGUAGE_STANDARD = "gnu++20";
				CLANG_ENABLE_MODULES = YES;
				CLANG_ENABLE_OBJC_ARC = YES;
				CLANG_ENABLE_OBJC_WEAK = YES;
				CLANG_WARN_BLOCK_CAPTURE_AUTORELEASING = YES;
				CLANG_WARN_BOOL_CONVERSION = YES;
				CLANG_WARN_COMMA = YES;
				CLANG_WARN_CONSTANT_CONVERSION = YES;
				CLANG_WARN_DEPRECATED_OBJC_IMPLEMENTATIONS = YES;
				CLANG_WARN_DIRECT_OBJC_ISA_USAGE = YES_ERROR;
				CLANG_WARN_DOCUMENTATION_COMMENTS = YES;
				CLANG_WARN_EMPTY_BODY = YES;
				CLANG_WARN_ENUM_CONVERSION = YES;
				CLANG_WARN_INFINITE_RECURSION = YES;
				CLANG_WARN_INT_CONVERSION = YES;
				CLANG_WARN_NON_LITERAL_NULL_CONVERSION = YES;
				CLANG_WARN_OBJC_IMPLICIT_RETAIN_SELF = YES;
				CLANG_WARN_OBJC_LITERAL_CONVERSION = YES;
				CLANG_WARN_OBJC_ROOT_CLASS = YES_ERROR;
				CLANG_WARN_QUOTED_INCLUDE_IN_FRAMEWORK_HEADER = YES;
				CLANG_WARN_RANGE_LOOP_ANALYSIS = YES;
				CLANG_WARN_STRICT_PROTOTYPES = YES;
				CLANG_WARN_SUSPICIOUS_MOVE = YES;
				CLANG_WARN_UNGUARDED_AVAILABILITY = YES_AGGRESSIVE;
				CLANG_WARN_UNREACHABLE_CODE = YES;
				CLANG_WARN__DUPLICATE_METHOD_MATCH = YES;
				COPY_PHASE_STRIP = NO;
				DEBUG_INFORMATION_FORMAT = "dwarf-with-dsym";
				DEVELOPMENT_TEAM = 5E7D5R7C83;
				ENABLE_NS_ASSERTIONS = NO;
				ENABLE_STRICT_OBJC_MSGSEND = YES;
				ENABLE_USER_SCRIPT_SANDBOXING = YES;
				GCC_C_LANGUAGE_STANDARD = gnu17;
				GCC_NO_COMMON_BLOCKS = YES;
				GCC_WARN_64_TO_32_BIT_CONVERSION = YES;
				GCC_WARN_ABOUT_RETURN_TYPE = YES_ERROR;
				GCC_WARN_UNDECLARED_SELECTOR = YES;
				GCC_WARN_UNINITIALIZED_AUTOS = YES_AGGRESSIVE;
				GCC_WARN_UNUSED_FUNCTION = YES;
				GCC_WARN_UNUSED_VARIABLE = YES;
				IPHONEOS_DEPLOYMENT_TARGET = 26.0;
				LOCALIZATION_PREFERS_STRING_CATALOGS = YES;
				MTL_ENABLE_DEBUG_INFO = NO;
				MTL_FAST_MATH = YES;
				SDKROOT = iphoneos;
				SWIFT_COMPILATION_MODE = wholemodule;
				VALIDATE_PRODUCT = YES;
			};
			name = Release;
		};
/* End XCBuildConfiguration section */

/* Begin XCConfigurationList section */
		53BAC5D32EA236A700F0CE34 /* Build configuration list for PBXProject "EasyReader" */ = {
			isa = XCConfigurationList;
			buildConfigurations = (
				53BAC5F22EA236A700F0CE34 /* Debug */,
				53BAC5F32EA236A700F0CE34 /* Release */,
			);
			defaultConfigurationIsVisible = 0;
			defaultConfigurationName = Release;
		};
		53BAC5EF2EA236A700F0CE34 /* Build configuration list for PBXNativeTarget "EasyReader" */ = {
			isa = XCConfigurationList;
			buildConfigurations = (
				53BAC5F02EA236A700F0CE34 /* Debug */,
				53BAC5F12EA236A700F0CE34 /* Release */,
			);
			defaultConfigurationIsVisible = 0;
			defaultConfigurationName = Release;
		};
/* End XCConfigurationList section */

/* Begin XCRemoteSwiftPackageReference section */
		537D2F532EDEC202002588FA /* XCRemoteSwiftPackageReference "Down" */ = {
			isa = XCRemoteSwiftPackageReference;
			repositoryURL = "https://github.com/johnxnguyen/Down.git";
			requirement = {
				branch = master;
				kind = branch;
			};
		};
		537D2F562EDEC23D002588FA /* XCRemoteSwiftPackageReference "SwiftMath" */ = {
			isa = XCRemoteSwiftPackageReference;
			repositoryURL = "https://github.com/mgriebling/SwiftMath.git";
			requirement = {
				kind = upToNextMajorVersion;
				minimumVersion = 1.7.3;
			};
		};
		537D2F5F2EDF71E6002588FA /* XCRemoteSwiftPackageReference "EPUBKit" */ = {
			isa = XCRemoteSwiftPackageReference;
			repositoryURL = "https://github.com/witekbobrowski/EPUBKit";
			requirement = {
				kind = upToNextMajorVersion;
				minimumVersion = 0.4.0;
			};
		};
		53CC02B72EA4A51000F7EACA /* XCRemoteSwiftPackageReference "PinLayout" */ = {
			isa = XCRemoteSwiftPackageReference;
			repositoryURL = "https://github.com/layoutBox/PinLayout";
			requirement = {
				kind = upToNextMajorVersion;
				minimumVersion = 1.10.6;
			};
		};
		53CC02BE2EA72C6300F7EACA /* XCRemoteSwiftPackageReference "firebase-ios-sdk" */ = {
			isa = XCRemoteSwiftPackageReference;
			repositoryURL = "https://github.com/firebase/firebase-ios-sdk";
			requirement = {
				kind = upToNextMajorVersion;
				minimumVersion = 12.4.0;
			};
		};
/* End XCRemoteSwiftPackageReference section */

/* Begin XCSwiftPackageProductDependency section */
		537D2F542EDEC202002588FA /* Down */ = {
			isa = XCSwiftPackageProductDependency;
			package = 537D2F532EDEC202002588FA /* XCRemoteSwiftPackageReference "Down" */;
			productName = Down;
		};
		537D2F572EDEC23D002588FA /* SwiftMath */ = {
			isa = XCSwiftPackageProductDependency;
			package = 537D2F562EDEC23D002588FA /* XCRemoteSwiftPackageReference "SwiftMath" */;
			productName = SwiftMath;
		};
		537D2F602EDF71E6002588FA /* EPUBKit */ = {
			isa = XCSwiftPackageProductDependency;
			package = 537D2F5F2EDF71E6002588FA /* XCRemoteSwiftPackageReference "EPUBKit" */;
			productName = EPUBKit;
		};
		53CC02B82EA4A51000F7EACA /* PinLayout */ = {
			isa = XCSwiftPackageProductDependency;
			package = 53CC02B72EA4A51000F7EACA /* XCRemoteSwiftPackageReference "PinLayout" */;
			productName = PinLayout;
		};
		53CC02BF2EA72C6300F7EACA /* FirebaseAI */ = {
			isa = XCSwiftPackageProductDependency;
			package = 53CC02BE2EA72C6300F7EACA /* XCRemoteSwiftPackageReference "firebase-ios-sdk" */;
			productName = FirebaseAI;
		};
		53CC02C12EA72C6300F7EACA /* FirebaseAuth */ = {
			isa = XCSwiftPackageProductDependency;
			package = 53CC02BE2EA72C6300F7EACA /* XCRemoteSwiftPackageReference "firebase-ios-sdk" */;
			productName = FirebaseAuth;
		};
		53CC02C32EA72C6300F7EACA /* FirebaseCore */ = {
			isa = XCSwiftPackageProductDependency;
			package = 53CC02BE2EA72C6300F7EACA /* XCRemoteSwiftPackageReference "firebase-ios-sdk" */;
			productName = FirebaseCore;
		};
/* End XCSwiftPackageProductDependency section */
	};
	rootObject = 53BAC5D02EA236A700F0CE34 /* Project object */;
}
